
Microsoft Visual Studio Solution File, Format Version 12.00
# Visual Studio Version 17
VisualStudioVersion = 17.13.35507.96 d17.13
MinimumVisualStudioVersion = 10.0.40219.1
Project("{FAE04EC0-301F-11D3-BF4B-00C04F79EFBC}") = "ELECTRO-Cleanup", "ELECTRO-Cleanup.csproj", "{52CEE48A-74D9-4552-AB69-D0CD8836A9EE}"
EndProject
Global
	GlobalSection(SolutionConfigurationPlatforms) = preSolution
		Debug|Any CPU = Debug|Any CPU
		Release|Any CPU = Release|Any CPU
	EndGlobalSection
	GlobalSection(ProjectConfigurationPlatforms) = postSolution
		{52CEE48A-74D9-4552-AB69-D0CD8836A9EE}.Debug|Any CPU.ActiveCfg = Debug|Any CPU
		{52CEE48A-74D9-4552-AB69-D0CD8836A9EE}.Debug|Any CPU.Build.0 = Debug|Any CPU
		{52CEE48A-74D9-4552-AB69-D0CD8836A9EE}.Release|Any CPU.ActiveCfg = Release|Any CPU
		{52CEE48A-74D9-4552-AB69-D0CD8836A9EE}.Release|Any CPU.Build.0 = Release|Any CPU
	EndGlobalSection
	GlobalSection(SolutionProperties) = preSolution
		HideSolutionNode = FALSE
	EndGlobalSection
	GlobalSection(ExtensibilityGlobals) = postSolution
		SolutionGuid = {8A7CB3B3-D9D1-4786-9285-5456148A4FC4}
	EndGlobalSection
EndGlobal
